{
    "_readme": [
        "This file locks the dependencies of your project to a known state",
        "Read more about it at http://getcomposer.org/doc/01-basic-usage.md#composer-lock-the-lock-file",
        "This file is @generated automatically"
    ],
    "hash": "1c8fea74ffd24d6c37696fcb2a936b03",
    "packages": [
        {
            "name": "deltaphp/dtpl",
            "version": "dev-master",
            "source": {
                "type": "git",
                "url": "https://github.com/DeltaPHP/dTpl.git",
                "reference": "7f2781e6ba92180ac24675ac9f856e954f75d35f"
            },
            "dist": {
                "type": "zip",
                "url": "https://api.github.com/repos/DeltaPHP/dTpl/zipball/7f2781e6ba92180ac24675ac9f856e954f75d35f",
                "reference": "7f2781e6ba92180ac24675ac9f856e954f75d35f",
                "shasum": ""
            },
            "type": "library",
            "autoload": {
                "psr-0": {
                    "dTpl": "src/"
                }
            },
            "notification-url": "https://packagist.org/downloads/",
            "license": [
                "GPL-3.0+"
            ],
            "authors": [
                {
                    "name": "orbisnull",
                    "email": "zen4dev@gmail.com"
                }
            ],
            "description": "small base template engine",
            "time": "2014-03-23 05:01:10"
        },
        {
            "name": "orbisnull/xhproflib",
            "version": "dev-master",
            "source": {
                "type": "git",
                "url": "https://github.com/orbisnull/xhproflib.git",
                "reference": "8010e6ecf3b278149e3ee28f281c6e194fce3662"
            },
            "dist": {
                "type": "zip",
                "url": "https://api.github.com/repos/orbisnull/xhproflib/zipball/8010e6ecf3b278149e3ee28f281c6e194fce3662",
                "reference": "8010e6ecf3b278149e3ee28f281c6e194fce3662",
                "shasum": ""
            },
            "require": {
                "php": ">=5.4.0"
            },
            "type": "library",
            "autoload": {
                "psr-0": {
                    "XHProfLib": "src/"
                }
            },
            "notification-url": "https://packagist.org/downloads/",
            "license": [
                "LGPL-3.0+"
            ],
            "description": "XHProf profiler libs for frameworks",
            "time": "2013-12-26 04:55:28"
        },
        {
            "name": "sunra/php-simple-html-dom-parser",
            "version": "v1.5.0",
            "source": {
                "type": "git",
                "url": "https://github.com/sunra/php-simple-html-dom-parser.git",
                "reference": "a0b80ace086c7e09085669205e1b3c2c9c7a453c"
            },
            "dist": {
                "type": "zip",
                "url": "https://api.github.com/repos/sunra/php-simple-html-dom-parser/zipball/a0b80ace086c7e09085669205e1b3c2c9c7a453c",
                "reference": "a0b80ace086c7e09085669205e1b3c2c9c7a453c",
                "shasum": ""
            },
            "require": {
                "php": ">=5.3.2"
            },
            "type": "library",
            "autoload": {
                "psr-0": {
                    "Sunra\\PhpSimple\\HtmlDomParser": "Src/"
                }
            },
            "notification-url": "https://packagist.org/downloads/",
            "license": [
                "MIT"
            ],
            "authors": [
                {
                    "name": "Sunra",
                    "email": "sunra@yandex.ru",
                    "homepage": "http://github.com/sunra"
                }
            ],
            "description": "Composer adaptation of: A HTML DOM parser written in PHP5+ let you manipulate HTML in a very easy way! Require PHP 5+. Supports invalid HTML. Find tags on an HTML page with selectors just like jQuery. Extract contents from HTML in a single line.",
            "homepage": "https://github.com/sunra/php-simple-html-dom-parser",
            "keywords": [
                "dom",
                "html",
                "parser"
            ],
            "time": "2013-05-04 14:32:03"
        }
    ],
    "packages-dev": [],
    "aliases": [],
    "minimum-stability": "dev",
    "stability-flags": {
        "deltaphp/dtpl": 20,
        "orbisnull/xhproflib": 20
    },
    "prefer-stable": false,
    "platform": [],
    "platform-dev": []
}
